# This file is automatically @generated by Cargo.
# It is not intended for manual editing.
version = 4

[[package]]
name = "lazy_static"
version = "1.5.0"
source = "registry+https://github.com/rust-lang/crates.io-index"
checksum = "bbd2bcb4c963f2ddae06a2efc7e9f3591312473c50c6685e1f298068316e66fe"

[[package]]
name = "solana-coverage"
version = "0.1.0"
dependencies = [
 "solana-program-stubs",
]

[[package]]
name = "solana-program-stubs"
version = "0.1.0"
source = "git+ssh://git@github.com/procdump/sol-stubs.git?branch=stubsv2_pinocchio#50f40cfae35aa8c2e5e27a259752946514da9190"
dependencies = [
 "lazy_static",
]
